{
  "object": {
    "pins": [
      {
        "package": "GDPerformanceView-Swift",
        "repositoryURL": "https://github.com/dani-gavrilov/GDPerformanceView-Swift.git",
        "state": {
          "branch": null,
          "revision": "faeffb5717d36f9764f093d2f207b05921de5459",
          "version": "2.0.4"
        }
      }
    ]
  },
  "version": 1
}
